// !$*UTF8*$!
{
	archiveVersion = 1;
	classes = {
	};
	objectVersion = 46;
	objects = {

/* Begin PBXBuildFile section */
		88BBC26817F0B9CC00C22770 /* UIKit.framework in Frameworks */ = {isa = PBXBuildFile; fileRef = 88BBC26717F0B9CC00C22770 /* UIKit.framework */; };
		88BBC26A17F0B9CC00C22770 /* Foundation.framework in Frameworks */ = {isa = PBXBuildFile; fileRef = 88BBC26917F0B9CC00C22770 /* Foundation.framework */; };
		88BBC26C17F0B9CC00C22770 /* CoreGraphics.framework in Frameworks */ = {isa = PBXBuildFile; fileRef = 88BBC26B17F0B9CC00C22770 /* CoreGraphics.framework */; };
		88BBC27217F0B9CC00C22770 /* InfoPlist.strings in Resources */ = {isa = PBXBuildFile; fileRef = 88BBC27017F0B9CC00C22770 /* InfoPlist.strings */; };
		88BBC27417F0B9CC00C22770 /* main.m in Sources */ = {isa = PBXBuildFile; fileRef = 88BBC27317F0B9CC00C22770 /* main.m */; };
		88BBC27817F0B9CC00C22770 /* InstaMailAppDelegate.m in Sources */ = {isa = PBXBuildFile; fileRef = 88BBC27717F0B9CC00C22770 /* InstaMailAppDelegate.m */; };
		88BBC27A17F0B9CC00C22770 /* Default.png in Resources */ = {isa = PBXBuildFile; fileRef = 88BBC27917F0B9CC00C22770 /* Default.png */; };
		88BBC27C17F0B9CC00C22770 /* Default@2x.png in Resources */ = {isa = PBXBuildFile; fileRef = 88BBC27B17F0B9CC00C22770 /* Default@2x.png */; };
		88BBC27E17F0B9CC00C22770 /* Default-568h@2x.png in Resources */ = {isa = PBXBuildFile; fileRef = 88BBC27D17F0B9CC00C22770 /* Default-568h@2x.png */; };
		88BBC28117F0B9CC00C22770 /* InstaMailViewController.m in Sources */ = {isa = PBXBuildFile; fileRef = 88BBC28017F0B9CC00C22770 /* InstaMailViewController.m */; };
		88BBC28417F0B9CC00C22770 /* InstaMailViewController.xib in Resources */ = {isa = PBXBuildFile; fileRef = 88BBC28217F0B9CC00C22770 /* InstaMailViewController.xib */; };
/* End PBXBuildFile section */

/* Begin PBXFileReference section */
		88BBC26417F0B9CC00C22770 /* InstaMail.app */ = {isa = PBXFileReference; explicitFileType = wrapper.application; includeInIndex = 0; path = InstaMail.app; sourceTree = BUILT_PRODUCTS_DIR; };
		88BBC26717F0B9CC00C22770 /* UIKit.framework */ = {isa = PBXFileReference; lastKnownFileType = wrapper.framework; name = UIKit.framework; path = System/Library/Frameworks/UIKit.framework; sourceTree = SDKROOT; };
		88BBC26917F0B9CC00C22770 /* Foundation.framework */ = {isa = PBXFileReference; lastKnownFileType = wrapper.framework; name = Foundation.framework; path = System/Library/Frameworks/Foundation.framework; sourceTree = SDKROOT; };
		88BBC26B17F0B9CC00C22770 /* CoreGraphics.framework */ = {isa = PBXFileReference; lastKnownFileType = wrapper.framework; name = CoreGraphics.framework; path = System/Library/Frameworks/CoreGraphics.framework; sourceTree = SDKROOT; };
		88BBC26F17F0B9CC00C22770 /* InstaMail-Info.plist */ = {isa = PBXFileReference; lastKnownFileType = text.plist.xml; path = "InstaMail-Info.plist"; sourceTree = "<group>"; };
		88BBC27117F0B9CC00C22770 /* en */ = {isa = PBXFileReference; lastKnownFileType = text.plist.strings; name = en; path = en.lproj/InfoPlist.strings; sourceTree = "<group>"; };
		88BBC27317F0B9CC00C22770 /* main.m */ = {isa = PBXFileReference; lastKnownFileType = sourcecode.c.objc; path = main.m; sourceTree = "<group>"; };
		88BBC27517F0B9CC00C22770 /* InstaMail-Prefix.pch */ = {isa = PBXFileReference; lastKnownFileType = sourcecode.c.h; path = "InstaMail-Prefix.pch"; sourceTree = "<group>"; };
		88BBC27617F0B9CC00C22770 /* InstaMailAppDelegate.h */ = {isa = PBXFileReference; lastKnownFileType = sourcecode.c.h; path = InstaMailAppDelegate.h; sourceTree = "<group>"; };
		88BBC27717F0B9CC00C22770 /* InstaMailAppDelegate.m */ = {isa = PBXFileReference; lastKnownFileType = sourcecode.c.objc; path = InstaMailAppDelegate.m; sourceTree = "<group>"; };
		88BBC27917F0B9CC00C22770 /* Default.png */ = {isa = PBXFileReference; lastKnownFileType = image.png; path = Default.png; sourceTree = "<group>"; };
		88BBC27B17F0B9CC00C22770 /* Default@2x.png */ = {isa = PBXFileReference; lastKnownFileType = image.png; path = "Default@2x.png"; sourceTree = "<group>"; };
		88BBC27D17F0B9CC00C22770 /* Default-568h@2x.png */ = {isa = PBXFileReference; lastKnownFileType = image.png; path = "Default-568h@2x.png"; sourceTree = "<group>"; };
		88BBC27F17F0B9CC00C22770 /* InstaMailViewController.h */ = {isa = PBXFileReference; lastKnownFileType = sourcecode.c.h; path = InstaMailViewController.h; sourceTree = "<group>"; };
		88BBC28017F0B9CC00C22770 /* InstaMailViewController.m */ = {isa = PBXFileReference; lastKnownFileType = sourcecode.c.objc; path = InstaMailViewController.m; sourceTree = "<group>"; };
		88BBC28317F0B9CC00C22770 /* en */ = {isa = PBXFileReference; lastKnownFileType = file.xib; name = en; path = en.lproj/InstaMailViewController.xib; sourceTree = "<group>"; };
/* End PBXFileReference section */

/* Begin PBXFrameworksBuildPhase section */
		88BBC26117F0B9CC00C22770 /* Frameworks */ = {
			isa = PBXFrameworksBuildPhase;
			buildActionMask = 2147483647;
			files = (
				88BBC26817F0B9CC00C22770 /* UIKit.framework in Frameworks */,
				88BBC26A17F0B9CC00C22770 /* Foundation.framework in Frameworks */,
				88BBC26C17F0B9CC00C22770 /* CoreGraphics.framework in Frameworks */,
			);
			runOnlyForDeploymentPostprocessing = 0;
		};
/* End PBXFrameworksBuildPhase section */

/* Begin PBXGroup section */
		88BBC25B17F0B9CB00C22770 = {
			isa = PBXGroup;
			children = (
				88BBC26D17F0B9CC00C22770 /* InstaMail */,
				88BBC26617F0B9CC00C22770 /* Frameworks */,
				88BBC26517F0B9CC00C22770 /* Products */,
			);
			sourceTree = "<group>";
		};
		88BBC26517F0B9CC00C22770 /* Products */ = {
			isa = PBXGroup;
			children = (
				88BBC26417F0B9CC00C22770 /* InstaMail.app */,
			);
			name = Products;
			sourceTree = "<group>";
		};
		88BBC26617F0B9CC00C22770 /* Frameworks */ = {
			isa = PBXGroup;
			children = (
				88BBC26717F0B9CC00C22770 /* UIKit.framework */,
				88BBC26917F0B9CC00C22770 /* Foundation.framework */,
				88BBC26B17F0B9CC00C22770 /* CoreGraphics.framework */,
			);
			name = Frameworks;
			sourceTree = "<group>";
		};
		88BBC26D17F0B9CC00C22770 /* InstaMail */ = {
			isa = PBXGroup;
			children = (
				88BBC27617F0B9CC00C22770 /* InstaMailAppDelegate.h */,
				88BBC27717F0B9CC00C22770 /* InstaMailAppDelegate.m */,
				88BBC27F17F0B9CC00C22770 /* InstaMailViewController.h */,
				88BBC28017F0B9CC00C22770 /* InstaMailViewController.m */,
				88BBC28217F0B9CC00C22770 /* InstaMailViewController.xib */,
				88BBC26E17F0B9CC00C22770 /* Supporting Files */,
			);
			path = InstaMail;
			sourceTree = "<group>";
		};
		88BBC26E17F0B9CC00C22770 /* Supporting Files */ = {
			isa = PBXGroup;
			children = (
				88BBC26F17F0B9CC00C22770 /* InstaMail-Info.plist */,
				88BBC27017F0B9CC00C22770 /* InfoPlist.strings */,
				88BBC27317F0B9CC00C22770 /* main.m */,
				88BBC27517F0B9CC00C22770 /* InstaMail-Prefix.pch */,
				88BBC27917F0B9CC00C22770 /* Default.png */,
				88BBC27B17F0B9CC00C22770 /* Default@2x.png */,
				88BBC27D17F0B9CC00C22770 /* Default-568h@2x.png */,
			);
			name = "Supporting Files";
			sourceTree = "<group>";
		};
/* End PBXGroup section */

/* Begin PBXNativeTarget section */
		88BBC26317F0B9CC00C22770 /* InstaMail */ = {
			isa = PBXNativeTarget;
			buildConfigurationList = 88BBC28717F0B9CC00C22770 /* Build configuration list for PBXNativeTarget "InstaMail" */;
			buildPhases = (
				88BBC26017F0B9CC00C22770 /* Sources */,
				88BBC26117F0B9CC00C22770 /* Frameworks */,
				88BBC26217F0B9CC00C22770 /* Resources */,
			);
			buildRules = (
			);
			dependencies = (
			);
			name = InstaMail;
			productName = InstaMail;
			productReference = 88BBC26417F0B9CC00C22770 /* InstaMail.app */;
			productType = "com.apple.product-type.application";
		};
/* End PBXNativeTarget section */

/* Begin PBXProject section */
		88BBC25C17F0B9CB00C22770 /* Project object */ = {
			isa = PBXProject;
			attributes = {
				CLASSPREFIX = InstaMail;
				LastUpgradeCheck = 0460;
				ORGANIZATIONNAME = collard;
			};
			buildConfigurationList = 88BBC25F17F0B9CB00C22770 /* Build configuration list for PBXProject "InstaMail" */;
			compatibilityVersion = "Xcode 3.2";
			developmentRegion = English;
			hasScannedForEncodings = 0;
			knownRegions = (
				en,
			);
			mainGroup = 88BBC25B17F0B9CB00C22770;
			productRefGroup = 88BBC26517F0B9CC00C22770 /* Products */;
			projectDirPath = "";
			projectRoot = "";
			targets = (
				88BBC26317F0B9CC00C22770 /* InstaMail */,
			);
		};
/* End PBXProject section */

/* Begin PBXResourcesBuildPhase section */
		88BBC26217F0B9CC00C22770 /* Resources */ = {
			isa = PBXResourcesBuildPhase;
			buildActionMask = 2147483647;
			files = (
				88BBC27217F0B9CC00C22770 /* InfoPlist.strings in Resources */,
				88BBC27A17F0B9CC00C22770 /* Default.png in Resources */,
				88BBC27C17F0B9CC00C22770 /* Default@2x.png in Resources */,
				88BBC27E17F0B9CC00C22770 /* Default-568h@2x.png in Resources */,
				88BBC28417F0B9CC00C22770 /* InstaMailViewController.xib in Resources */,
			);
			runOnlyForDeploymentPostprocessing = 0;
		};
/* End PBXResourcesBuildPhase section */

/* Begin PBXSourcesBuildPhase section */
		88BBC26017F0B9CC00C22770 /* Sources */ = {
			isa = PBXSourcesBuildPhase;
			buildActionMask = 2147483647;
			files = (
				88BBC27417F0B9CC00C22770 /* main.m in Sources */,
				88BBC27817F0B9CC00C22770 /* InstaMailAppDelegate.m in Sources */,
				88BBC28117F0B9CC00C22770 /* InstaMailViewController.m in Sources */,
			);
			runOnlyForDeploymentPostprocessing = 0;
		};
/* End PBXSourcesBuildPhase section */

/* Begin PBXVariantGroup section */
		88BBC27017F0B9CC00C22770 /* InfoPlist.strings */ = {
			isa = PBXVariantGroup;
			children = (
				88BBC27117F0B9CC00C22770 /* en */,
			);
			name = InfoPlist.strings;
			sourceTree = "<group>";
		};
		88BBC28217F0B9CC00C22770 /* InstaMailViewController.xib */ = {
			isa = PBXVariantGroup;
			children = (
				88BBC28317F0B9CC00C22770 /* en */,
			);
			name = InstaMailViewController.xib;
			sourceTree = "<group>";
		};
/* End PBXVariantGroup section */

/* Begin XCBuildConfiguration section */
		88BBC28517F0B9CC00C22770 /* Debug */ = {
			isa = XCBuildConfiguration;
			buildSettings = {
				ALWAYS_SEARCH_USER_PATHS = NO;
				CLANG_CXX_LANGUAGE_STANDARD = "gnu++0x";
				CLANG_CXX_LIBRARY = "libc++";
				CLANG_ENABLE_OBJC_ARC = YES;
				CLANG_WARN_CONSTANT_CONVERSION = YES;
				CLANG_WARN_EMPTY_BODY = YES;
				CLANG_WARN_ENUM_CONVERSION = YES;
				CLANG_WARN_INT_CONVERSION = YES;
				CLANG_WARN__DUPLICATE_METHOD_MATCH = YES;
				"CODE_SIGN_IDENTITY[sdk=iphoneos*]" = "iPhone Developer";
				COPY_PHASE_STRIP = NO;
				GCC_C_LANGUAGE_STANDARD = gnu99;
				GCC_DYNAMIC_NO_PIC = NO;
				GCC_OPTIMIZATION_LEVEL = 0;
				GCC_PREPROCESSOR_DEFINITIONS = (
					"DEBUG=1",
					"$(inherited)",
				);
				GCC_SYMBOLS_PRIVATE_EXTERN = NO;
				GCC_WARN_ABOUT_RETURN_TYPE = YES;
				GCC_WARN_UNINITIALIZED_AUTOS = YES;
				GCC_WARN_UNUSED_VARIABLE = YES;
				IPHONEOS_DEPLOYMENT_TARGET = 6.1;
				ONLY_ACTIVE_ARCH = YES;
				SDKROOT = iphoneos;
			};
			name = Debug;
		};
		88BBC28617F0B9CC00C22770 /* Release */ = {
			isa = XCBuildConfiguration;
			buildSettings = {
				ALWAYS_SEARCH_USER_PATHS = NO;
				CLANG_CXX_LANGUAGE_STANDARD = "gnu++0x";
				CLANG_CXX_LIBRARY = "libc++";
				CLANG_ENABLE_OBJC_ARC = YES;
				CLANG_WARN_CONSTANT_CONVERSION = YES;
				CLANG_WARN_EMPTY_BODY = YES;
				CLANG_WARN_ENUM_CONVERSION = YES;
				CLANG_WARN_INT_CONVERSION = YES;
				CLANG_WARN__DUPLICATE_METHOD_MATCH = YES;
				"CODE_SIGN_IDENTITY[sdk=iphoneos*]" = "iPhone Developer";
				COPY_PHASE_STRIP = YES;
				GCC_C_LANGUAGE_STANDARD = gnu99;
				GCC_WARN_ABOUT_RETURN_TYPE = YES;
				GCC_WARN_UNINITIALIZED_AUTOS = YES;
				GCC_WARN_UNUSED_VARIABLE = YES;
				IPHONEOS_DEPLOYMENT_TARGET = 6.1;
				OTHER_CFLAGS = "-DNS_BLOCK_ASSERTIONS=1";
				SDKROOT = iphoneos;
				VALIDATE_PRODUCT = YES;
			};
			name = Release;
		};
		88BBC28817F0B9CC00C22770 /* Debug */ = {
			isa = XCBuildConfiguration;
			buildSettings = {
				GCC_PRECOMPILE_PREFIX_HEADER = YES;
				GCC_PREFIX_HEADER = "InstaMail/InstaMail-Prefix.pch";
				INFOPLIST_FILE = "InstaMail/InstaMail-Info.plist";
				PRODUCT_NAME = "$(TARGET_NAME)";
				WRAPPER_EXTENSION = app;
			};
			name = Debug;
		};
		88BBC28917F0B9CC00C22770 /* Release */ = {
			isa = XCBuildConfiguration;
			buildSettings = {
				GCC_PRECOMPILE_PREFIX_HEADER = YES;
				GCC_PREFIX_HEADER = "InstaMail/InstaMail-Prefix.pch";
				INFOPLIST_FILE = "InstaMail/InstaMail-Info.plist";
				PRODUCT_NAME = "$(TARGET_NAME)";
				WRAPPER_EXTENSION = app;
			};
			name = Release;
		};
/* End XCBuildConfiguration section */

/* Begin XCConfigurationList section */
		88BBC25F17F0B9CB00C22770 /* Build configuration list for PBXProject "InstaMail" */ = {
			isa = XCConfigurationList;
			buildConfigurations = (
				88BBC28517F0B9CC00C22770 /* Debug */,
				88BBC28617F0B9CC00C22770 /* Release */,
			);
			defaultConfigurationIsVisible = 0;
			defaultConfigurationName = Release;
		};
		88BBC28717F0B9CC00C22770 /* Build configuration list for PBXNativeTarget "InstaMail" */ = {
			isa = XCConfigurationList;
			buildConfigurations = (
				88BBC28817F0B9CC00C22770 /* Debug */,
				88BBC28917F0B9CC00C22770 /* Release */,
			);
			defaultConfigurationIsVisible = 0;
		};
/* End XCConfigurationList section */
	};
	rootObject = 88BBC25C17F0B9CB00C22770 /* Project object */;
}
